// !$*UTF8*$!
{
	archiveVersion = 1;
	classes = {
	};
	objectVersion = 56;
	objects = {

/* Begin PBXBuildFile section */
		4C58A2F92D6F5F1D00EA38CA /* ServingSizeCell.swift in Sources */ = {isa = PBXBuildFile; fileRef = 4C58A2C22D6F5F1D00EA38CA /* ServingSizeCell.swift */; };
		4C58A2FA2D6F5F1D00EA38CA /* Constants.swift in Sources */ = {isa = PBXBuildFile; fileRef = 4C58A2DD2D6F5F1D00EA38CA /* Constants.swift */; };
		4C58A2FB2D6F5F1D00EA38CA /* FoodModels.swift in Sources */ = {isa = PBXBuildFile; fileRef = 4C58A2B92D6F5F1D00EA38CA /* FoodModels.swift */; };
		4C58A2FC2D6F5F1D00EA38CA /* Double+Extension.swift in Sources */ = {isa = PBXBuildFile; fileRef = 4C58A2DF2D6F5F1D00EA38CA /* Double+Extension.swift */; };
		4C58A2FD2D6F5F1D00EA38CA /* DropDownCell.swift in Sources */ = {isa = PBXBuildFile; fileRef = 4C58A2C62D6F5F1D00EA38CA /* DropDownCell.swift */; };
		4C58A2FE2D6F5F1D00EA38CA /* NutritionFactsRowView.swift in Sources */ = {isa = PBXBuildFile; fileRef = 4C58A2C12D6F5F1D00EA38CA /* NutritionFactsRowView.swift */; };
		4C58A2FF2D6F5F1D00EA38CA /* FoodNutrientsCell.swift in Sources */ = {isa = PBXBuildFile; fileRef = 4C58A2BF2D6F5F1D00EA38CA /* FoodNutrientsCell.swift */; };
		4C58A3002D6F5F1D00EA38CA /* DonutChartView.swift in Sources */ = {isa = PBXBuildFile; fileRef = 4C58A2DE2D6F5F1D00EA38CA /* DonutChartView.swift */; };
		4C58A3012D6F5F1D00EA38CA /* FoodDetailVC.swift in Sources */ = {isa = PBXBuildFile; fileRef = 4C58A2D62D6F5F1D00EA38CA /* FoodDetailVC.swift */; };
		4C58A3022D6F5F1D00EA38CA /* UIImageView+Extension.swift in Sources */ = {isa = PBXBuildFile; fileRef = 4C58A2E32D6F5F1D00EA38CA /* UIImageView+Extension.swift */; };
		4C58A3032D6F5F1D00EA38CA /* DropDownVC.swift in Sources */ = {isa = PBXBuildFile; fileRef = 4C58A2C82D6F5F1D00EA38CA /* DropDownVC.swift */; };
		4C58A3042D6F5F1D00EA38CA /* AppDelegate.swift in Sources */ = {isa = PBXBuildFile; fileRef = 4C58A2E82D6F5F1D00EA38CA /* AppDelegate.swift */; };
		4C58A3052D6F5F1D00EA38CA /* DropdownView.swift in Sources */ = {isa = PBXBuildFile; fileRef = 4C58A2CA2D6F5F1D00EA38CA /* DropdownView.swift */; };
		4C58A3062D6F5F1D00EA38CA /* FoodModels.swift in Sources */ = {isa = PBXBuildFile; fileRef = 4C58A2ED2D6F5F1D00EA38CA /* FoodModels.swift */; };
		4C58A3072D6F5F1D00EA38CA /* ImageSelectionVC.swift in Sources */ = {isa = PBXBuildFile; fileRef = 4C58A2DA2D6F5F1D00EA38CA /* ImageSelectionVC.swift */; };
		4C58A3082D6F5F1D00EA38CA /* String+Extension.swift in Sources */ = {isa = PBXBuildFile; fileRef = 4C58A2E22D6F5F1D00EA38CA /* String+Extension.swift */; };
		4C58A3092D6F5F1D00EA38CA /* ServingSizeView.swift in Sources */ = {isa = PBXBuildFile; fileRef = 4C58A2C42D6F5F1D00EA38CA /* ServingSizeView.swift */; };
		4C58A30A2D6F5F1D00EA38CA /* UITableView+Extension.swift in Sources */ = {isa = PBXBuildFile; fileRef = 4C58A2E42D6F5F1D00EA38CA /* UITableView+Extension.swift */; };
		4C58A30B2D6F5F1D00EA38CA /* Config.example.swift in Sources */ = {isa = PBXBuildFile; fileRef = 4C58A2EB2D6F5F1D00EA38CA /* Config.example.swift */; };
		4C58A30C2D6F5F1D00EA38CA /* ContentView.swift in Sources */ = {isa = PBXBuildFile; fileRef = 4C58A2EC2D6F5F1D00EA38CA /* ContentView.swift */; };
		4C58A30D2D6F5F1D00EA38CA /* ContentView.swift in Sources */ = {isa = PBXBuildFile; fileRef = 4C58A2B82D6F5F1D00EA38CA /* ContentView.swift */; };
		4C58A30E2D6F5F1D00EA38CA /* ImageRecognitionView.swift in Sources */ = {isa = PBXBuildFile; fileRef = 4C58A2D92D6F5F1D00EA38CA /* ImageRecognitionView.swift */; };
		4C58A30F2D6F5F1D00EA38CA /* UITextField+Extension.swift in Sources */ = {isa = PBXBuildFile; fileRef = 4C58A2E52D6F5F1D00EA38CA /* UITextField+Extension.swift */; };
		4C58A3102D6F5F1D00EA38CA /* RecognizeImageVC.swift in Sources */ = {isa = PBXBuildFile; fileRef = 4C58A2DB2D6F5F1D00EA38CA /* RecognizeImageVC.swift */; };
		4C58A3112D6F5F1D00EA38CA /* SceneDelegate.swift in Sources */ = {isa = PBXBuildFile; fileRef = 4C58A2F32D6F5F1D00EA38CA /* SceneDelegate.swift */; };
		4C58A3122D6F5F1D00EA38CA /* FoodListCellView.swift in Sources */ = {isa = PBXBuildFile; fileRef = 4C58A2BE2D6F5F1D00EA38CA /* FoodListCellView.swift */; };
		4C58A3132D6F5F1D00EA38CA /* ImagePicker.swift in Sources */ = {isa = PBXBuildFile; fileRef = 4C58A2E02D6F5F1D00EA38CA /* ImagePicker.swift */; };
		4C58A3142D6F5F1D00EA38CA /* UIView+Extension.swift in Sources */ = {isa = PBXBuildFile; fileRef = 4C58A2E62D6F5F1D00EA38CA /* UIView+Extension.swift */; };
		4C58A3152D6F5F1D00EA38CA /* FoodListCell.swift in Sources */ = {isa = PBXBuildFile; fileRef = 4C58A2BC2D6F5F1D00EA38CA /* FoodListCell.swift */; };
		4C58A3162D6F5F1D00EA38CA /* QSImagePicker.swift in Sources */ = {isa = PBXBuildFile; fileRef = 4C58A2E12D6F5F1D00EA38CA /* QSImagePicker.swift */; };
		4C58A3172D6F5F1D00EA38CA /* FoodScannerView.swift in Sources */ = {isa = PBXBuildFile; fileRef = 4C58A2D82D6F5F1D00EA38CA /* FoodScannerView.swift */; };
		4C58A3182D6F5F1D00EA38CA /* FoodDetailView.swift in Sources */ = {isa = PBXBuildFile; fileRef = 4C58A2D72D6F5F1D00EA38CA /* FoodDetailView.swift */; };
		4C58A3192D6F5F1D00EA38CA /* Info.plist in Resources */ = {isa = PBXBuildFile; fileRef = 4C58A2EE2D6F5F1D00EA38CA /* Info.plist */; };
		4C58A31A2D6F5F1D00EA38CA /* README.md in Resources */ = {isa = PBXBuildFile; fileRef = 4C58A2F62D6F5F1D00EA38CA /* README.md */; };
		4C58A31B2D6F5F1D00EA38CA /* DropDownVC.xib in Resources */ = {isa = PBXBuildFile; fileRef = 4C58A2C92D6F5F1D00EA38CA /* DropDownVC.xib */; };
		4C58A31C2D6F5F1D00EA38CA /* ServingSizeCell.xib in Resources */ = {isa = PBXBuildFile; fileRef = 4C58A2C32D6F5F1D00EA38CA /* ServingSizeCell.xib */; };
		4C58A31D2D6F5F1D00EA38CA /* Inter-ExtraLight.ttf in Resources */ = {isa = PBXBuildFile; fileRef = 4C58A2CF2D6F5F1D00EA38CA /* Inter-ExtraLight.ttf */; };
		4C58A31E2D6F5F1D00EA38CA /* Inter-ExtraBold.ttf in Resources */ = {isa = PBXBuildFile; fileRef = 4C58A2CE2D6F5F1D00EA38CA /* Inter-ExtraBold.ttf */; };
		4C58A31F2D6F5F1D00EA38CA /* Inter-Medium.ttf in Resources */ = {isa = PBXBuildFile; fileRef = 4C58A2D12D6F5F1D00EA38CA /* Inter-Medium.ttf */; };
		4C58A3202D6F5F1D00EA38CA /* Colors.xcassets in Resources */ = {isa = PBXBuildFile; fileRef = 4C58A2EA2D6F5F1D00EA38CA /* Colors.xcassets */; };
		4C58A3212D6F5F1D00EA38CA /* Main.storyboard in Resources */ = {isa = PBXBuildFile; fileRef = 4C58A2F12D6F5F1D00EA38CA /* Main.storyboard */; };
		4C58A3222D6F5F1D00EA38CA /* LaunchScreen.storyboard in Resources */ = {isa = PBXBuildFile; fileRef = 4C58A2F02D6F5F1D00EA38CA /* LaunchScreen.storyboard */; };
		4C58A3232D6F5F1D00EA38CA /* Inter-Thin.ttf in Resources */ = {isa = PBXBuildFile; fileRef = 4C58A2D42D6F5F1D00EA38CA /* Inter-Thin.ttf */; };
		4C58A3242D6F5F1D00EA38CA /* FoodListCell.xib in Resources */ = {isa = PBXBuildFile; fileRef = 4C58A2BD2D6F5F1D00EA38CA /* FoodListCell.xib */; };
		4C58A3252D6F5F1D00EA38CA /* Inter-Light.ttf in Resources */ = {isa = PBXBuildFile; fileRef = 4C58A2D02D6F5F1D00EA38CA /* Inter-Light.ttf */; };
		4C58A3262D6F5F1D00EA38CA /* DropDownCell.xib in Resources */ = {isa = PBXBuildFile; fileRef = 4C58A2C72D6F5F1D00EA38CA /* DropDownCell.xib */; };
		4C58A3272D6F5F1D00EA38CA /* FoodNutrientsCell.xib in Resources */ = {isa = PBXBuildFile; fileRef = 4C58A2C02D6F5F1D00EA38CA /* FoodNutrientsCell.xib */; };
		4C58A3282D6F5F1D00EA38CA /* Assets.xcassets in Resources */ = {isa = PBXBuildFile; fileRef = 4C58A2E92D6F5F1D00EA38CA /* Assets.xcassets */; };
		4C58A3292D6F5F1D00EA38CA /* Inter-Regular.ttf in Resources */ = {isa = PBXBuildFile; fileRef = 4C58A2D22D6F5F1D00EA38CA /* Inter-Regular.ttf */; };
		4C58A32A2D6F5F1D00EA38CA /* Inter-Bold.ttf in Resources */ = {isa = PBXBuildFile; fileRef = 4C58A2CD2D6F5F1D00EA38CA /* Inter-Bold.ttf */; };
		4C58A32B2D6F5F1D00EA38CA /* Inter-Black.ttf in Resources */ = {isa = PBXBuildFile; fileRef = 4C58A2CC2D6F5F1D00EA38CA /* Inter-Black.ttf */; };
		4C58A32C2D6F5F1D00EA38CA /* LaunchScreen.storyboard in Resources */ = {isa = PBXBuildFile; fileRef = 4C58A2BB2D6F5F1D00EA38CA /* LaunchScreen.storyboard */; };
		4C58A32D2D6F5F1D00EA38CA /* project.example.xcconfig in Resources */ = {isa = PBXBuildFile; fileRef = 4C58A2F22D6F5F1D00EA38CA /* project.example.xcconfig */; };
		4C58A32E2D6F5F1D00EA38CA /* Info.plist in Resources */ = {isa = PBXBuildFile; fileRef = 4C58A2BA2D6F5F1D00EA38CA /* Info.plist */; };
		4C58A32F2D6F5F1D00EA38CA /* Inter-SemiBold.ttf in Resources */ = {isa = PBXBuildFile; fileRef = 4C58A2D32D6F5F1D00EA38CA /* Inter-SemiBold.ttf */; };
		B843E46D2CF74EAB006AD05A /* Config.example.swift in Sources */ = {isa = PBXBuildFile; fileRef = B843E46C2CF74EAB006AD05A /* Config.example.swift */; };
		B8590AEB2CC6445400D49AE2 /* AppDelegate.swift in Sources */ = {isa = PBXBuildFile; fileRef = B8590AEA2CC6445400D49AE2 /* AppDelegate.swift */; };
		B8590AED2CC6445400D49AE2 /* SceneDelegate.swift in Sources */ = {isa = PBXBuildFile; fileRef = B8590AEC2CC6445400D49AE2 /* SceneDelegate.swift */; };
		B8590AF42CC6445800D49AE2 /* Assets.xcassets in Resources */ = {isa = PBXBuildFile; fileRef = B8590AF32CC6445800D49AE2 /* Assets.xcassets */; };
		B8590AF72CC6445800D49AE2 /* Base in Resources */ = {isa = PBXBuildFile; fileRef = B8590AF62CC6445800D49AE2 /* Base */; };
		B8A51DB72CE5E51D008B8D2B /* PassioNutritionAISDK in Frameworks */ = {isa = PBXBuildFile; productRef = B8A51DB62CE5E51D008B8D2B /* PassioNutritionAISDK */; };
		B8C52CF82CD2464D00B19F45 /* FoodListCell.swift in Sources */ = {isa = PBXBuildFile; fileRef = B8C52CE42CD2464D00B19F45 /* FoodListCell.swift */; };
		B8C52CF92CD2464D00B19F45 /* FoodListCell.xib in Resources */ = {isa = PBXBuildFile; fileRef = B8C52CE52CD2464D00B19F45 /* FoodListCell.xib */; };
		B8C52CFA2CD2464D00B19F45 /* FoodNutrientsCell.swift in Sources */ = {isa = PBXBuildFile; fileRef = B8C52CE62CD2464D00B19F45 /* FoodNutrientsCell.swift */; };
		B8C52CFB2CD2464D00B19F45 /* FoodNutrientsCell.xib in Resources */ = {isa = PBXBuildFile; fileRef = B8C52CE72CD2464D00B19F45 /* FoodNutrientsCell.xib */; };
		B8C52CFC2CD2464D00B19F45 /* ServingSizeCell.swift in Sources */ = {isa = PBXBuildFile; fileRef = B8C52CE82CD2464D00B19F45 /* ServingSizeCell.swift */; };
		B8C52CFD2CD2464D00B19F45 /* ServingSizeCell.xib in Resources */ = {isa = PBXBuildFile; fileRef = B8C52CE92CD2464D00B19F45 /* ServingSizeCell.xib */; };
		B8C52CFE2CD2464D00B19F45 /* DonutChartView.swift in Sources */ = {isa = PBXBuildFile; fileRef = B8C52CEB2CD2464D00B19F45 /* DonutChartView.swift */; };
		B8C52CFF2CD2464D00B19F45 /* Double+Extension.swift in Sources */ = {isa = PBXBuildFile; fileRef = B8C52CEC2CD2464D00B19F45 /* Double+Extension.swift */; };
		B8C52D002CD2464D00B19F45 /* QSImagePicker.swift in Sources */ = {isa = PBXBuildFile; fileRef = B8C52CED2CD2464D00B19F45 /* QSImagePicker.swift */; };
		B8C52D012CD2464D00B19F45 /* UIImageView+Extension.swift in Sources */ = {isa = PBXBuildFile; fileRef = B8C52CEE2CD2464D00B19F45 /* UIImageView+Extension.swift */; };
		B8C52D022CD2464D00B19F45 /* UITableView+Extension.swift in Sources */ = {isa = PBXBuildFile; fileRef = B8C52CEF2CD2464D00B19F45 /* UITableView+Extension.swift */; };
		B8C52D032CD2464D00B19F45 /* UITextField+Extension.swift in Sources */ = {isa = PBXBuildFile; fileRef = B8C52CF02CD2464D00B19F45 /* UITextField+Extension.swift */; };
		B8C52D042CD2464D00B19F45 /* UIView+Extension.swift in Sources */ = {isa = PBXBuildFile; fileRef = B8C52CF12CD2464D00B19F45 /* UIView+Extension.swift */; };
		B8C52D052CD2464D00B19F45 /* DropDownCell.swift in Sources */ = {isa = PBXBuildFile; fileRef = B8C52CF32CD2464D00B19F45 /* DropDownCell.swift */; };
		B8C52D062CD2464D00B19F45 /* DropDownCell.xib in Resources */ = {isa = PBXBuildFile; fileRef = B8C52CF42CD2464D00B19F45 /* DropDownCell.xib */; };
		B8C52D072CD2464D00B19F45 /* DropDownVC.swift in Sources */ = {isa = PBXBuildFile; fileRef = B8C52CF52CD2464D00B19F45 /* DropDownVC.swift */; };
		B8C52D082CD2464D00B19F45 /* DropDownVC.xib in Resources */ = {isa = PBXBuildFile; fileRef = B8C52CF62CD2464D00B19F45 /* DropDownVC.xib */; };
		B8C52D0F2CD2467A00B19F45 /* ImageSelectionVC.swift in Sources */ = {isa = PBXBuildFile; fileRef = B8C52D0B2CD2467A00B19F45 /* ImageSelectionVC.swift */; };
		B8C52D102CD2467A00B19F45 /* FoodDetailVC.swift in Sources */ = {isa = PBXBuildFile; fileRef = B8C52D0C2CD2467A00B19F45 /* FoodDetailVC.swift */; };
		B8C52D112CD2467A00B19F45 /* Main.storyboard in Resources */ = {isa = PBXBuildFile; fileRef = B8C52D0D2CD2467A00B19F45 /* Main.storyboard */; };
		B8C52D122CD2467A00B19F45 /* RecognizeImageVC.swift in Sources */ = {isa = PBXBuildFile; fileRef = B8C52D0E2CD2467A00B19F45 /* RecognizeImageVC.swift */; };
		B8C52D142CD248E100B19F45 /* Constants.swift in Sources */ = {isa = PBXBuildFile; fileRef = B8C52D132CD248E100B19F45 /* Constants.swift */; };
		B8C52D162CD249C500B19F45 /* Colors.xcassets in Resources */ = {isa = PBXBuildFile; fileRef = B8C52D152CD249C500B19F45 /* Colors.xcassets */; };
		B8C52D192CD24CFC00B19F45 /* String+Extension.swift in Sources */ = {isa = PBXBuildFile; fileRef = B8C52D182CD24CFC00B19F45 /* String+Extension.swift */; };
		B8C52D532CD2757900B19F45 /* Inter-Black.ttf in Resources */ = {isa = PBXBuildFile; fileRef = B8C52D492CD2757900B19F45 /* Inter-Black.ttf */; };
		B8C52D542CD2757900B19F45 /* Inter-Bold.ttf in Resources */ = {isa = PBXBuildFile; fileRef = B8C52D4A2CD2757900B19F45 /* Inter-Bold.ttf */; };
		B8C52D552CD2757900B19F45 /* Inter-ExtraBold.ttf in Resources */ = {isa = PBXBuildFile; fileRef = B8C52D4B2CD2757900B19F45 /* Inter-ExtraBold.ttf */; };
		B8C52D562CD2757900B19F45 /* Inter-ExtraLight.ttf in Resources */ = {isa = PBXBuildFile; fileRef = B8C52D4C2CD2757900B19F45 /* Inter-ExtraLight.ttf */; };
		B8C52D572CD2757900B19F45 /* Inter-Light.ttf in Resources */ = {isa = PBXBuildFile; fileRef = B8C52D4D2CD2757900B19F45 /* Inter-Light.ttf */; };
		B8C52D582CD2757900B19F45 /* Inter-Medium.ttf in Resources */ = {isa = PBXBuildFile; fileRef = B8C52D4E2CD2757900B19F45 /* Inter-Medium.ttf */; };
		B8C52D592CD2757900B19F45 /* Inter-Regular.ttf in Resources */ = {isa = PBXBuildFile; fileRef = B8C52D4F2CD2757900B19F45 /* Inter-Regular.ttf */; };
		B8C52D5A2CD2757900B19F45 /* Inter-SemiBold.ttf in Resources */ = {isa = PBXBuildFile; fileRef = B8C52D502CD2757900B19F45 /* Inter-SemiBold.ttf */; };
		B8C52D5B2CD2757900B19F45 /* Inter-Thin.ttf in Resources */ = {isa = PBXBuildFile; fileRef = B8C52D512CD2757900B19F45 /* Inter-Thin.ttf */; };
/* End PBXBuildFile section */

/* Begin PBXCopyFilesBuildPhase section */
		B8C52D262CD2672B00B19F45 /* Embed Frameworks */ = {
			isa = PBXCopyFilesBuildPhase;
			buildActionMask = 2147483647;
			dstPath = "";
			dstSubfolderSpec = 10;
			files = (
			);
			name = "Embed Frameworks";
			runOnlyForDeploymentPostprocessing = 0;
		};
/* End PBXCopyFilesBuildPhase section */

/* Begin PBXFileReference section */
		4C58A2B82D6F5F1D00EA38CA /* ContentView.swift */ = {isa = PBXFileReference; lastKnownFileType = sourcecode.swift; path = ContentView.swift; sourceTree = "<group>"; };
		4C58A2B92D6F5F1D00EA38CA /* FoodModels.swift */ = {isa = PBXFileReference; lastKnownFileType = sourcecode.swift; path = FoodModels.swift; sourceTree = "<group>"; };
		4C58A2BA2D6F5F1D00EA38CA /* Info.plist */ = {isa = PBXFileReference; lastKnownFileType = text.plist.xml; path = Info.plist; sourceTree = "<group>"; };
		4C58A2BB2D6F5F1D00EA38CA /* LaunchScreen.storyboard */ = {isa = PBXFileReference; lastKnownFileType = file.storyboard; path = LaunchScreen.storyboard; sourceTree = "<group>"; };
		4C58A2BC2D6F5F1D00EA38CA /* FoodListCell.swift */ = {isa = PBXFileReference; lastKnownFileType = sourcecode.swift; path = FoodListCell.swift; sourceTree = "<group>"; };
		4C58A2BD2D6F5F1D00EA38CA /* FoodListCell.xib */ = {isa = PBXFileReference; lastKnownFileType = file.xib; path = FoodListCell.xib; sourceTree = "<group>"; };
		4C58A2BE2D6F5F1D00EA38CA /* FoodListCellView.swift */ = {isa = PBXFileReference; lastKnownFileType = sourcecode.swift; path = FoodListCellView.swift; sourceTree = "<group>"; };
		4C58A2BF2D6F5F1D00EA38CA /* FoodNutrientsCell.swift */ = {isa = PBXFileReference; lastKnownFileType = sourcecode.swift; path = FoodNutrientsCell.swift; sourceTree = "<group>"; };
		4C58A2C02D6F5F1D00EA38CA /* FoodNutrientsCell.xib */ = {isa = PBXFileReference; lastKnownFileType = file.xib; path = FoodNutrientsCell.xib; sourceTree = "<group>"; };
		4C58A2C12D6F5F1D00EA38CA /* NutritionFactsRowView.swift */ = {isa = PBXFileReference; lastKnownFileType = sourcecode.swift; path = NutritionFactsRowView.swift; sourceTree = "<group>"; };
		4C58A2C22D6F5F1D00EA38CA /* ServingSizeCell.swift */ = {isa = PBXFileReference; lastKnownFileType = sourcecode.swift; path = ServingSizeCell.swift; sourceTree = "<group>"; };
		4C58A2C32D6F5F1D00EA38CA /* ServingSizeCell.xib */ = {isa = PBXFileReference; lastKnownFileType = file.xib; path = ServingSizeCell.xib; sourceTree = "<group>"; };
		4C58A2C42D6F5F1D00EA38CA /* ServingSizeView.swift */ = {isa = PBXFileReference; lastKnownFileType = sourcecode.swift; path = ServingSizeView.swift; sourceTree = "<group>"; };
		4C58A2C62D6F5F1D00EA38CA /* DropDownCell.swift */ = {isa = PBXFileReference; lastKnownFileType = sourcecode.swift; path = DropDownCell.swift; sourceTree = "<group>"; };
		4C58A2C72D6F5F1D00EA38CA /* DropDownCell.xib */ = {isa = PBXFileReference; lastKnownFileType = file.xib; path = DropDownCell.xib; sourceTree = "<group>"; };
		4C58A2C82D6F5F1D00EA38CA /* DropDownVC.swift */ = {isa = PBXFileReference; lastKnownFileType = sourcecode.swift; path = DropDownVC.swift; sourceTree = "<group>"; };
		4C58A2C92D6F5F1D00EA38CA /* DropDownVC.xib */ = {isa = PBXFileReference; lastKnownFileType = file.xib; path = DropDownVC.xib; sourceTree = "<group>"; };
		4C58A2CA2D6F5F1D00EA38CA /* DropdownView.swift */ = {isa = PBXFileReference; lastKnownFileType = sourcecode.swift; path = DropdownView.swift; sourceTree = "<group>"; };
		4C58A2CC2D6F5F1D00EA38CA /* Inter-Black.ttf */ = {isa = PBXFileReference; lastKnownFileType = file; path = "Inter-Black.ttf"; sourceTree = "<group>"; };
		4C58A2CD2D6F5F1D00EA38CA /* Inter-Bold.ttf */ = {isa = PBXFileReference; lastKnownFileType = file; path = "Inter-Bold.ttf"; sourceTree = "<group>"; };
		4C58A2CE2D6F5F1D00EA38CA /* Inter-ExtraBold.ttf */ = {isa = PBXFileReference; lastKnownFileType = file; path = "Inter-ExtraBold.ttf"; sourceTree = "<group>"; };
		4C58A2CF2D6F5F1D00EA38CA /* Inter-ExtraLight.ttf */ = {isa = PBXFileReference; lastKnownFileType = file; path = "Inter-ExtraLight.ttf"; sourceTree = "<group>"; };
		4C58A2D02D6F5F1D00EA38CA /* Inter-Light.ttf */ = {isa = PBXFileReference; lastKnownFileType = file; path = "Inter-Light.ttf"; sourceTree = "<group>"; };
		4C58A2D12D6F5F1D00EA38CA /* Inter-Medium.ttf */ = {isa = PBXFileReference; lastKnownFileType = file; path = "Inter-Medium.ttf"; sourceTree = "<group>"; };
		4C58A2D22D6F5F1D00EA38CA /* Inter-Regular.ttf */ = {isa = PBXFileReference; lastKnownFileType = file; path = "Inter-Regular.ttf"; sourceTree = "<group>"; };
		4C58A2D32D6F5F1D00EA38CA /* Inter-SemiBold.ttf */ = {isa = PBXFileReference; lastKnownFileType = file; path = "Inter-SemiBold.ttf"; sourceTree = "<group>"; };
		4C58A2D42D6F5F1D00EA38CA /* Inter-Thin.ttf */ = {isa = PBXFileReference; lastKnownFileType = file; path = "Inter-Thin.ttf"; sourceTree = "<group>"; };
		4C58A2D62D6F5F1D00EA38CA /* FoodDetailVC.swift */ = {isa = PBXFileReference; lastKnownFileType = sourcecode.swift; path = FoodDetailVC.swift; sourceTree = "<group>"; };
		4C58A2D72D6F5F1D00EA38CA /* FoodDetailView.swift */ = {isa = PBXFileReference; lastKnownFileType = sourcecode.swift; path = FoodDetailView.swift; sourceTree = "<group>"; };
		4C58A2D82D6F5F1D00EA38CA /* FoodScannerView.swift */ = {isa = PBXFileReference; lastKnownFileType = sourcecode.swift; path = FoodScannerView.swift; sourceTree = "<group>"; };
		4C58A2D92D6F5F1D00EA38CA /* ImageRecognitionView.swift */ = {isa = PBXFileReference; lastKnownFileType = sourcecode.swift; path = ImageRecognitionView.swift; sourceTree = "<group>"; };
		4C58A2DA2D6F5F1D00EA38CA /* ImageSelectionVC.swift */ = {isa = PBXFileReference; lastKnownFileType = sourcecode.swift; path = ImageSelectionVC.swift; sourceTree = "<group>"; };
		4C58A2DB2D6F5F1D00EA38CA /* RecognizeImageVC.swift */ = {isa = PBXFileReference; lastKnownFileType = sourcecode.swift; path = RecognizeImageVC.swift; sourceTree = "<group>"; };
		4C58A2DD2D6F5F1D00EA38CA /* Constants.swift */ = {isa = PBXFileReference; lastKnownFileType = sourcecode.swift; path = Constants.swift; sourceTree = "<group>"; };
		4C58A2DE2D6F5F1D00EA38CA /* DonutChartView.swift */ = {isa = PBXFileReference; lastKnownFileType = sourcecode.swift; path = DonutChartView.swift; sourceTree = "<group>"; };
		4C58A2DF2D6F5F1D00EA38CA /* Double+Extension.swift */ = {isa = PBXFileReference; lastKnownFileType = sourcecode.swift; path = "Double+Extension.swift"; sourceTree = "<group>"; };
		4C58A2E02D6F5F1D00EA38CA /* ImagePicker.swift */ = {isa = PBXFileReference; lastKnownFileType = sourcecode.swift; path = ImagePicker.swift; sourceTree = "<group>"; };
		4C58A2E12D6F5F1D00EA38CA /* QSImagePicker.swift */ = {isa = PBXFileReference; lastKnownFileType = sourcecode.swift; path = QSImagePicker.swift; sourceTree = "<group>"; };
		4C58A2E22D6F5F1D00EA38CA /* String+Extension.swift */ = {isa = PBXFileReference; lastKnownFileType = sourcecode.swift; path = "String+Extension.swift"; sourceTree = "<group>"; };
		4C58A2E32D6F5F1D00EA38CA /* UIImageView+Extension.swift */ = {isa = PBXFileReference; lastKnownFileType = sourcecode.swift; path = "UIImageView+Extension.swift"; sourceTree = "<group>"; };
		4C58A2E42D6F5F1D00EA38CA /* UITableView+Extension.swift */ = {isa = PBXFileReference; lastKnownFileType = sourcecode.swift; path = "UITableView+Extension.swift"; sourceTree = "<group>"; };
		4C58A2E52D6F5F1D00EA38CA /* UITextField+Extension.swift */ = {isa = PBXFileReference; lastKnownFileType = sourcecode.swift; path = "UITextField+Extension.swift"; sourceTree = "<group>"; };
		4C58A2E62D6F5F1D00EA38CA /* UIView+Extension.swift */ = {isa = PBXFileReference; lastKnownFileType = sourcecode.swift; path = "UIView+Extension.swift"; sourceTree = "<group>"; };
		4C58A2E82D6F5F1D00EA38CA /* AppDelegate.swift */ = {isa = PBXFileReference; lastKnownFileType = sourcecode.swift; path = AppDelegate.swift; sourceTree = "<group>"; };
		4C58A2E92D6F5F1D00EA38CA /* Assets.xcassets */ = {isa = PBXFileReference; lastKnownFileType = folder.assetcatalog; path = Assets.xcassets; sourceTree = "<group>"; };
		4C58A2EA2D6F5F1D00EA38CA /* Colors.xcassets */ = {isa = PBXFileReference; lastKnownFileType = folder.assetcatalog; path = Colors.xcassets; sourceTree = "<group>"; };
		4C58A2EB2D6F5F1D00EA38CA /* Config.example.swift */ = {isa = PBXFileReference; lastKnownFileType = sourcecode.swift; path = Config.example.swift; sourceTree = "<group>"; };
		4C58A2EC2D6F5F1D00EA38CA /* ContentView.swift */ = {isa = PBXFileReference; lastKnownFileType = sourcecode.swift; path = ContentView.swift; sourceTree = "<group>"; };
		4C58A2ED2D6F5F1D00EA38CA /* FoodModels.swift */ = {isa = PBXFileReference; lastKnownFileType = sourcecode.swift; path = FoodModels.swift; sourceTree = "<group>"; };
		4C58A2EE2D6F5F1D00EA38CA /* Info.plist */ = {isa = PBXFileReference; lastKnownFileType = text.plist.xml; path = Info.plist; sourceTree = "<group>"; };
		4C58A2EF2D6F5F1D00EA38CA /* Base */ = {isa = PBXFileReference; lastKnownFileType = file.storyboard; name = Base; path = Base.lproj/LaunchScreen.storyboard; sourceTree = "<group>"; };
		4C58A2F12D6F5F1D00EA38CA /* Main.storyboard */ = {isa = PBXFileReference; lastKnownFileType = file.storyboard; path = Main.storyboard; sourceTree = "<group>"; };
		4C58A2F22D6F5F1D00EA38CA /* project.example.xcconfig */ = {isa = PBXFileReference; lastKnownFileType = text.xcconfig; path = project.example.xcconfig; sourceTree = "<group>"; };
		4C58A2F32D6F5F1D00EA38CA /* SceneDelegate.swift */ = {isa = PBXFileReference; lastKnownFileType = sourcecode.swift; path = SceneDelegate.swift; sourceTree = "<group>"; };
		4C58A2F52D6F5F1D00EA38CA /* PassioQuickStart.xcodeproj */ = {isa = PBXFileReference; lastKnownFileType = "wrapper.pb-project"; path = PassioQuickStart.xcodeproj; sourceTree = "<group>"; };
		4C58A2F62D6F5F1D00EA38CA /* README.md */ = {isa = PBXFileReference; lastKnownFileType = net.daringfireball.markdown; path = README.md; sourceTree = "<group>"; };
		B843E46C2CF74EAB006AD05A /* Config.example.swift */ = {isa = PBXFileReference; fileEncoding = 4; lastKnownFileType = sourcecode.swift; path = Config.example.swift; sourceTree = "<group>"; };
		B8590AE72CC6445400D49AE2 /* PassioQuickStart.app */ = {isa = PBXFileReference; explicitFileType = wrapper.application; includeInIndex = 0; path = PassioQuickStart.app; sourceTree = BUILT_PRODUCTS_DIR; };
		B8590AEA2CC6445400D49AE2 /* AppDelegate.swift */ = {isa = PBXFileReference; lastKnownFileType = sourcecode.swift; path = AppDelegate.swift; sourceTree = "<group>"; };
		B8590AEC2CC6445400D49AE2 /* SceneDelegate.swift */ = {isa = PBXFileReference; lastKnownFileType = sourcecode.swift; path = SceneDelegate.swift; sourceTree = "<group>"; };
		B8590AF32CC6445800D49AE2 /* Assets.xcassets */ = {isa = PBXFileReference; lastKnownFileType = folder.assetcatalog; path = Assets.xcassets; sourceTree = "<group>"; };
		B8590AF62CC6445800D49AE2 /* Base */ = {isa = PBXFileReference; lastKnownFileType = file.storyboard; name = Base; path = Base.lproj/LaunchScreen.storyboard; sourceTree = "<group>"; };
		B8590AF82CC6445800D49AE2 /* Info.plist */ = {isa = PBXFileReference; lastKnownFileType = text.plist.xml; path = Info.plist; sourceTree = "<group>"; };
		B8C52CE42CD2464D00B19F45 /* FoodListCell.swift */ = {isa = PBXFileReference; fileEncoding = 4; lastKnownFileType = sourcecode.swift; path = FoodListCell.swift; sourceTree = "<group>"; };
		B8C52CE52CD2464D00B19F45 /* FoodListCell.xib */ = {isa = PBXFileReference; fileEncoding = 4; lastKnownFileType = file.xib; path = FoodListCell.xib; sourceTree = "<group>"; };
		B8C52CE62CD2464D00B19F45 /* FoodNutrientsCell.swift */ = {isa = PBXFileReference; fileEncoding = 4; lastKnownFileType = sourcecode.swift; path = FoodNutrientsCell.swift; sourceTree = "<group>"; };
		B8C52CE72CD2464D00B19F45 /* FoodNutrientsCell.xib */ = {isa = PBXFileReference; fileEncoding = 4; lastKnownFileType = file.xib; path = FoodNutrientsCell.xib; sourceTree = "<group>"; };
		B8C52CE82CD2464D00B19F45 /* ServingSizeCell.swift */ = {isa = PBXFileReference; fileEncoding = 4; lastKnownFileType = sourcecode.swift; path = ServingSizeCell.swift; sourceTree = "<group>"; };
		B8C52CE92CD2464D00B19F45 /* ServingSizeCell.xib */ = {isa = PBXFileReference; fileEncoding = 4; lastKnownFileType = file.xib; path = ServingSizeCell.xib; sourceTree = "<group>"; };
		B8C52CEB2CD2464D00B19F45 /* DonutChartView.swift */ = {isa = PBXFileReference; fileEncoding = 4; lastKnownFileType = sourcecode.swift; path = DonutChartView.swift; sourceTree = "<group>"; };
		B8C52CEC2CD2464D00B19F45 /* Double+Extension.swift */ = {isa = PBXFileReference; fileEncoding = 4; lastKnownFileType = sourcecode.swift; path = "Double+Extension.swift"; sourceTree = "<group>"; };
		B8C52CED2CD2464D00B19F45 /* QSImagePicker.swift */ = {isa = PBXFileReference; fileEncoding = 4; lastKnownFileType = sourcecode.swift; path = QSImagePicker.swift; sourceTree = "<group>"; };
		B8C52CEE2CD2464D00B19F45 /* UIImageView+Extension.swift */ = {isa = PBXFileReference; fileEncoding = 4; lastKnownFileType = sourcecode.swift; path = "UIImageView+Extension.swift"; sourceTree = "<group>"; };
		B8C52CEF2CD2464D00B19F45 /* UITableView+Extension.swift */ = {isa = PBXFileReference; fileEncoding = 4; lastKnownFileType = sourcecode.swift; path = "UITableView+Extension.swift"; sourceTree = "<group>"; };
		B8C52CF02CD2464D00B19F45 /* UITextField+Extension.swift */ = {isa = PBXFileReference; fileEncoding = 4; lastKnownFileType = sourcecode.swift; path = "UITextField+Extension.swift"; sourceTree = "<group>"; };
		B8C52CF12CD2464D00B19F45 /* UIView+Extension.swift */ = {isa = PBXFileReference; fileEncoding = 4; lastKnownFileType = sourcecode.swift; path = "UIView+Extension.swift"; sourceTree = "<group>"; };
		B8C52CF32CD2464D00B19F45 /* DropDownCell.swift */ = {isa = PBXFileReference; fileEncoding = 4; lastKnownFileType = sourcecode.swift; path = DropDownCell.swift; sourceTree = "<group>"; };
		B8C52CF42CD2464D00B19F45 /* DropDownCell.xib */ = {isa = PBXFileReference; fileEncoding = 4; lastKnownFileType = file.xib; path = DropDownCell.xib; sourceTree = "<group>"; };
		B8C52CF52CD2464D00B19F45 /* DropDownVC.swift */ = {isa = PBXFileReference; fileEncoding = 4; lastKnownFileType = sourcecode.swift; path = DropDownVC.swift; sourceTree = "<group>"; };
		B8C52CF62CD2464D00B19F45 /* DropDownVC.xib */ = {isa = PBXFileReference; fileEncoding = 4; lastKnownFileType = file.xib; path = DropDownVC.xib; sourceTree = "<group>"; };
		B8C52D0B2CD2467A00B19F45 /* ImageSelectionVC.swift */ = {isa = PBXFileReference; fileEncoding = 4; lastKnownFileType = sourcecode.swift; path = ImageSelectionVC.swift; sourceTree = "<group>"; };
		B8C52D0C2CD2467A00B19F45 /* FoodDetailVC.swift */ = {isa = PBXFileReference; fileEncoding = 4; lastKnownFileType = sourcecode.swift; path = FoodDetailVC.swift; sourceTree = "<group>"; };
		B8C52D0D2CD2467A00B19F45 /* Main.storyboard */ = {isa = PBXFileReference; fileEncoding = 4; lastKnownFileType = file.storyboard; path = Main.storyboard; sourceTree = "<group>"; };
		B8C52D0E2CD2467A00B19F45 /* RecognizeImageVC.swift */ = {isa = PBXFileReference; fileEncoding = 4; lastKnownFileType = sourcecode.swift; path = RecognizeImageVC.swift; sourceTree = "<group>"; };
		B8C52D132CD248E100B19F45 /* Constants.swift */ = {isa = PBXFileReference; lastKnownFileType = sourcecode.swift; path = Constants.swift; sourceTree = "<group>"; };
		B8C52D152CD249C500B19F45 /* Colors.xcassets */ = {isa = PBXFileReference; lastKnownFileType = folder.assetcatalog; path = Colors.xcassets; sourceTree = "<group>"; };
		B8C52D182CD24CFC00B19F45 /* String+Extension.swift */ = {isa = PBXFileReference; lastKnownFileType = sourcecode.swift; path = "String+Extension.swift"; sourceTree = "<group>"; };
		B8C52D492CD2757900B19F45 /* Inter-Black.ttf */ = {isa = PBXFileReference; lastKnownFileType = file; path = "Inter-Black.ttf"; sourceTree = "<group>"; };
		B8C52D4A2CD2757900B19F45 /* Inter-Bold.ttf */ = {isa = PBXFileReference; lastKnownFileType = file; path = "Inter-Bold.ttf"; sourceTree = "<group>"; };
		B8C52D4B2CD2757900B19F45 /* Inter-ExtraBold.ttf */ = {isa = PBXFileReference; lastKnownFileType = file; path = "Inter-ExtraBold.ttf"; sourceTree = "<group>"; };
		B8C52D4C2CD2757900B19F45 /* Inter-ExtraLight.ttf */ = {isa = PBXFileReference; lastKnownFileType = file; path = "Inter-ExtraLight.ttf"; sourceTree = "<group>"; };
		B8C52D4D2CD2757900B19F45 /* Inter-Light.ttf */ = {isa = PBXFileReference; lastKnownFileType = file; path = "Inter-Light.ttf"; sourceTree = "<group>"; };
		B8C52D4E2CD2757900B19F45 /* Inter-Medium.ttf */ = {isa = PBXFileReference; lastKnownFileType = file; path = "Inter-Medium.ttf"; sourceTree = "<group>"; };
		B8C52D4F2CD2757900B19F45 /* Inter-Regular.ttf */ = {isa = PBXFileReference; lastKnownFileType = file; path = "Inter-Regular.ttf"; sourceTree = "<group>"; };
		B8C52D502CD2757900B19F45 /* Inter-SemiBold.ttf */ = {isa = PBXFileReference; lastKnownFileType = file; path = "Inter-SemiBold.ttf"; sourceTree = "<group>"; };
		B8C52D512CD2757900B19F45 /* Inter-Thin.ttf */ = {isa = PBXFileReference; lastKnownFileType = file; path = "Inter-Thin.ttf"; sourceTree = "<group>"; };
/* End PBXFileReference section */

/* Begin PBXFrameworksBuildPhase section */
		B8590AE42CC6445400D49AE2 /* Frameworks */ = {
			isa = PBXFrameworksBuildPhase;
			buildActionMask = 2147483647;
			files = (
				B8A51DB72CE5E51D008B8D2B /* PassioNutritionAISDK in Frameworks */,
			);
			runOnlyForDeploymentPostprocessing = 0;
		};
/* End PBXFrameworksBuildPhase section */

/* Begin PBXGroup section */
		4C58A2C52D6F5F1D00EA38CA /* Cell */ = {
			isa = PBXGroup;
			children = (
				4C58A2BC2D6F5F1D00EA38CA /* FoodListCell.swift */,
				4C58A2BD2D6F5F1D00EA38CA /* FoodListCell.xib */,
				4C58A2BE2D6F5F1D00EA38CA /* FoodListCellView.swift */,
				4C58A2BF2D6F5F1D00EA38CA /* FoodNutrientsCell.swift */,
				4C58A2C02D6F5F1D00EA38CA /* FoodNutrientsCell.xib */,
				4C58A2C12D6F5F1D00EA38CA /* NutritionFactsRowView.swift */,
				4C58A2C22D6F5F1D00EA38CA /* ServingSizeCell.swift */,
				4C58A2C32D6F5F1D00EA38CA /* ServingSizeCell.xib */,
				4C58A2C42D6F5F1D00EA38CA /* ServingSizeView.swift */,
			);
			path = Cell;
			sourceTree = "<group>";
		};
		4C58A2CB2D6F5F1D00EA38CA /* Dropdown */ = {
			isa = PBXGroup;
			children = (
				4C58A2C62D6F5F1D00EA38CA /* DropDownCell.swift */,
				4C58A2C72D6F5F1D00EA38CA /* DropDownCell.xib */,
				4C58A2C82D6F5F1D00EA38CA /* DropDownVC.swift */,
				4C58A2C92D6F5F1D00EA38CA /* DropDownVC.xib */,
				4C58A2CA2D6F5F1D00EA38CA /* DropdownView.swift */,
			);
			path = Dropdown;
			sourceTree = "<group>";
		};
		4C58A2D52D6F5F1D00EA38CA /* Font */ = {
			isa = PBXGroup;
			children = (
				4C58A2CC2D6F5F1D00EA38CA /* Inter-Black.ttf */,
				4C58A2CD2D6F5F1D00EA38CA /* Inter-Bold.ttf */,
				4C58A2CE2D6F5F1D00EA38CA /* Inter-ExtraBold.ttf */,
				4C58A2CF2D6F5F1D00EA38CA /* Inter-ExtraLight.ttf */,
				4C58A2D02D6F5F1D00EA38CA /* Inter-Light.ttf */,
				4C58A2D12D6F5F1D00EA38CA /* Inter-Medium.ttf */,
				4C58A2D22D6F5F1D00EA38CA /* Inter-Regular.ttf */,
				4C58A2D32D6F5F1D00EA38CA /* Inter-SemiBold.ttf */,
				4C58A2D42D6F5F1D00EA38CA /* Inter-Thin.ttf */,
			);
			path = Font;
			sourceTree = "<group>";
		};
		4C58A2DC2D6F5F1D00EA38CA /* Passio */ = {
			isa = PBXGroup;
			children = (
				4C58A2D62D6F5F1D00EA38CA /* FoodDetailVC.swift */,
				4C58A2D72D6F5F1D00EA38CA /* FoodDetailView.swift */,
				4C58A2D82D6F5F1D00EA38CA /* FoodScannerView.swift */,
				4C58A2D92D6F5F1D00EA38CA /* ImageRecognitionView.swift */,
				4C58A2DA2D6F5F1D00EA38CA /* ImageSelectionVC.swift */,
				4C58A2DB2D6F5F1D00EA38CA /* RecognizeImageVC.swift */,
			);
			path = Passio;
			sourceTree = "<group>";
		};
		4C58A2E72D6F5F1D00EA38CA /* Utility */ = {
			isa = PBXGroup;
			children = (
				4C58A2DD2D6F5F1D00EA38CA /* Constants.swift */,
				4C58A2DE2D6F5F1D00EA38CA /* DonutChartView.swift */,
				4C58A2DF2D6F5F1D00EA38CA /* Double+Extension.swift */,
				4C58A2E02D6F5F1D00EA38CA /* ImagePicker.swift */,
				4C58A2E12D6F5F1D00EA38CA /* QSImagePicker.swift */,
				4C58A2E22D6F5F1D00EA38CA /* String+Extension.swift */,
				4C58A2E32D6F5F1D00EA38CA /* UIImageView+Extension.swift */,
				4C58A2E42D6F5F1D00EA38CA /* UITableView+Extension.swift */,
				4C58A2E52D6F5F1D00EA38CA /* UITextField+Extension.swift */,
				4C58A2E62D6F5F1D00EA38CA /* UIView+Extension.swift */,
			);
			path = Utility;
			sourceTree = "<group>";
		};
		4C58A2F42D6F5F1D00EA38CA /* PassioQuickStart */ = {
			isa = PBXGroup;
			children = (
				4C58A2C52D6F5F1D00EA38CA /* Cell */,
				4C58A2CB2D6F5F1D00EA38CA /* Dropdown */,
				4C58A2D52D6F5F1D00EA38CA /* Font */,
				4C58A2DC2D6F5F1D00EA38CA /* Passio */,
				4C58A2E72D6F5F1D00EA38CA /* Utility */,
				4C58A2E82D6F5F1D00EA38CA /* AppDelegate.swift */,
				4C58A2E92D6F5F1D00EA38CA /* Assets.xcassets */,
				4C58A2EA2D6F5F1D00EA38CA /* Colors.xcassets */,
				4C58A2EB2D6F5F1D00EA38CA /* Config.example.swift */,
				4C58A2EC2D6F5F1D00EA38CA /* ContentView.swift */,
				4C58A2ED2D6F5F1D00EA38CA /* FoodModels.swift */,
				4C58A2EE2D6F5F1D00EA38CA /* Info.plist */,
				4C58A2F02D6F5F1D00EA38CA /* LaunchScreen.storyboard */,
				4C58A2F12D6F5F1D00EA38CA /* Main.storyboard */,
				4C58A2F22D6F5F1D00EA38CA /* project.example.xcconfig */,
				4C58A2F32D6F5F1D00EA38CA /* SceneDelegate.swift */,
			);
			path = PassioQuickStart;
			sourceTree = "<group>";
		};
		4C58A2F72D6F5F1D00EA38CA /* Products */ = {
			isa = PBXGroup;
			name = Products;
			sourceTree = "<group>";
		};
		B8590ADE2CC6445400D49AE2 = {
			isa = PBXGroup;
			children = (
				4C58A2B82D6F5F1D00EA38CA /* ContentView.swift */,
				4C58A2B92D6F5F1D00EA38CA /* FoodModels.swift */,
				4C58A2BA2D6F5F1D00EA38CA /* Info.plist */,
				4C58A2BB2D6F5F1D00EA38CA /* LaunchScreen.storyboard */,
				4C58A2F42D6F5F1D00EA38CA /* PassioQuickStart */,
				4C58A2F52D6F5F1D00EA38CA /* PassioQuickStart.xcodeproj */,
				4C58A2F62D6F5F1D00EA38CA /* README.md */,
				B8590AE92CC6445400D49AE2 /* PassioQuickStart */,
				B8590AE82CC6445400D49AE2 /* Products */,
			);
			sourceTree = "<group>";
		};
		B8590AE82CC6445400D49AE2 /* Products */ = {
			isa = PBXGroup;
			children = (
				B8590AE72CC6445400D49AE2 /* PassioQuickStart.app */,
			);
			name = Products;
			sourceTree = "<group>";
		};
		B8590AE92CC6445400D49AE2 /* PassioQuickStart */ = {
			isa = PBXGroup;
			children = (
				B843E46C2CF74EAB006AD05A /* Config.example.swift */,
				B8C52D522CD2757900B19F45 /* Font */,
				B8C52CF22CD2464D00B19F45 /* Utility */,
				B8C52CEA2CD2464D00B19F45 /* Cell */,
				B8C52CF72CD2464D00B19F45 /* Dropdown */,
				B8C52D172CD24BA200B19F45 /* Passio */,
				B8C52D0D2CD2467A00B19F45 /* Main.storyboard */,
				B8590AEA2CC6445400D49AE2 /* AppDelegate.swift */,
				B8590AEC2CC6445400D49AE2 /* SceneDelegate.swift */,
				B8590AF32CC6445800D49AE2 /* Assets.xcassets */,
				B8C52D152CD249C500B19F45 /* Colors.xcassets */,
				B8590AF52CC6445800D49AE2 /* LaunchScreen.storyboard */,
				B8590AF82CC6445800D49AE2 /* Info.plist */,
			);
			path = PassioQuickStart;
			sourceTree = "<group>";
		};
		B8C52CEA2CD2464D00B19F45 /* Cell */ = {
			isa = PBXGroup;
			children = (
				B8C52CE42CD2464D00B19F45 /* FoodListCell.swift */,
				B8C52CE52CD2464D00B19F45 /* FoodListCell.xib */,
				B8C52CE62CD2464D00B19F45 /* FoodNutrientsCell.swift */,
				B8C52CE72CD2464D00B19F45 /* FoodNutrientsCell.xib */,
				B8C52CE82CD2464D00B19F45 /* ServingSizeCell.swift */,
				B8C52CE92CD2464D00B19F45 /* ServingSizeCell.xib */,
			);
			path = Cell;
			sourceTree = "<group>";
		};
		B8C52CF22CD2464D00B19F45 /* Utility */ = {
			isa = PBXGroup;
			children = (
				B8C52D132CD248E100B19F45 /* Constants.swift */,
				B8C52CEB2CD2464D00B19F45 /* DonutChartView.swift */,
				B8C52CEC2CD2464D00B19F45 /* Double+Extension.swift */,
				B8C52CED2CD2464D00B19F45 /* QSImagePicker.swift */,
				B8C52CEE2CD2464D00B19F45 /* UIImageView+Extension.swift */,
				B8C52CEF2CD2464D00B19F45 /* UITableView+Extension.swift */,
				B8C52CF02CD2464D00B19F45 /* UITextField+Extension.swift */,
				B8C52CF12CD2464D00B19F45 /* UIView+Extension.swift */,
				B8C52D182CD24CFC00B19F45 /* String+Extension.swift */,
			);
			path = Utility;
			sourceTree = "<group>";
		};
		B8C52CF72CD2464D00B19F45 /* Dropdown */ = {
			isa = PBXGroup;
			children = (
				B8C52CF32CD2464D00B19F45 /* DropDownCell.swift */,
				B8C52CF42CD2464D00B19F45 /* DropDownCell.xib */,
				B8C52CF52CD2464D00B19F45 /* DropDownVC.swift */,
				B8C52CF62CD2464D00B19F45 /* DropDownVC.xib */,
			);
			path = Dropdown;
			sourceTree = "<group>";
		};
		B8C52D172CD24BA200B19F45 /* Passio */ = {
			isa = PBXGroup;
			children = (
				B8C52D0B2CD2467A00B19F45 /* ImageSelectionVC.swift */,
				B8C52D0E2CD2467A00B19F45 /* RecognizeImageVC.swift */,
				B8C52D0C2CD2467A00B19F45 /* FoodDetailVC.swift */,
			);
			path = Passio;
			sourceTree = "<group>";
		};
		B8C52D522CD2757900B19F45 /* Font */ = {
			isa = PBXGroup;
			children = (
				B8C52D492CD2757900B19F45 /* Inter-Black.ttf */,
				B8C52D4A2CD2757900B19F45 /* Inter-Bold.ttf */,
				B8C52D4B2CD2757900B19F45 /* Inter-ExtraBold.ttf */,
				B8C52D4C2CD2757900B19F45 /* Inter-ExtraLight.ttf */,
				B8C52D4D2CD2757900B19F45 /* Inter-Light.ttf */,
				B8C52D4E2CD2757900B19F45 /* Inter-Medium.ttf */,
				B8C52D4F2CD2757900B19F45 /* Inter-Regular.ttf */,
				B8C52D502CD2757900B19F45 /* Inter-SemiBold.ttf */,
				B8C52D512CD2757900B19F45 /* Inter-Thin.ttf */,
			);
			path = Font;
			sourceTree = "<group>";
		};
/* End PBXGroup section */

/* Begin PBXNativeTarget section */
		B8590AE62CC6445400D49AE2 /* PassioQuickStart */ = {
			isa = PBXNativeTarget;
			buildConfigurationList = B8590AFB2CC6445800D49AE2 /* Build configuration list for PBXNativeTarget "PassioQuickStart" */;
			buildPhases = (
				B8590AE32CC6445400D49AE2 /* Sources */,
				B8590AE42CC6445400D49AE2 /* Frameworks */,
				B8590AE52CC6445400D49AE2 /* Resources */,
				B8C52D262CD2672B00B19F45 /* Embed Frameworks */,
			);
			buildRules = (
			);
			dependencies = (
			);
			name = PassioQuickStart;
			packageProductDependencies = (
				B8A51DB62CE5E51D008B8D2B /* PassioNutritionAISDK */,
			);
			productName = PassioQuickStart;
			productReference = B8590AE72CC6445400D49AE2 /* PassioQuickStart.app */;
			productType = "com.apple.product-type.application";
		};
/* End PBXNativeTarget section */

/* Begin PBXProject section */
		B8590ADF2CC6445400D49AE2 /* Project object */ = {
			isa = PBXProject;
			attributes = {
				BuildIndependentTargetsInParallel = 1;
				LastSwiftUpdateCheck = 1540;
				LastUpgradeCheck = 1540;
				TargetAttributes = {
					B8590AE62CC6445400D49AE2 = {
						CreatedOnToolsVersion = 15.4;
					};
				};
			};
			buildConfigurationList = B8590AE22CC6445400D49AE2 /* Build configuration list for PBXProject "PassioQuickStart" */;
			compatibilityVersion = "Xcode 14.0";
			developmentRegion = en;
			hasScannedForEncodings = 0;
			knownRegions = (
				en,
				Base,
			);
			mainGroup = B8590ADE2CC6445400D49AE2;
			packageReferences = (
				B8A51DB52CE5E51D008B8D2B /* XCRemoteSwiftPackageReference "Passio-Nutrition-AI-iOS-SDK-Distribution" */,
			);
			productRefGroup = B8590AE82CC6445400D49AE2 /* Products */;
			projectDirPath = "";
			projectReferences = (
				{
					ProductGroup = 4C58A2F72D6F5F1D00EA38CA /* Products */;
					ProjectRef = 4C58A2F52D6F5F1D00EA38CA /* PassioQuickStart.xcodeproj */;
				},
			);
			projectRoot = "";
			targets = (
				B8590AE62CC6445400D49AE2 /* PassioQuickStart */,
			);
		};
/* End PBXProject section */

/* Begin PBXResourcesBuildPhase section */
		B8590AE52CC6445400D49AE2 /* Resources */ = {
			isa = PBXResourcesBuildPhase;
			buildActionMask = 2147483647;
			files = (
				B8C52D5A2CD2757900B19F45 /* Inter-SemiBold.ttf in Resources */,
				B8C52D162CD249C500B19F45 /* Colors.xcassets in Resources */,
				B8C52D5B2CD2757900B19F45 /* Inter-Thin.ttf in Resources */,
				B8590AF42CC6445800D49AE2 /* Assets.xcassets in Resources */,
				B8C52D542CD2757900B19F45 /* Inter-Bold.ttf in Resources */,
				B8C52CF92CD2464D00B19F45 /* FoodListCell.xib in Resources */,
				B8C52D562CD2757900B19F45 /* Inter-ExtraLight.ttf in Resources */,
				B8590AF72CC6445800D49AE2 /* Base in Resources */,
				B8C52D572CD2757900B19F45 /* Inter-Light.ttf in Resources */,
				B8C52D062CD2464D00B19F45 /* DropDownCell.xib in Resources */,
				B8C52D582CD2757900B19F45 /* Inter-Medium.ttf in Resources */,
				4C58A3192D6F5F1D00EA38CA /* Info.plist in Resources */,
				4C58A31A2D6F5F1D00EA38CA /* README.md in Resources */,
				4C58A31B2D6F5F1D00EA38CA /* DropDownVC.xib in Resources */,
				4C58A31C2D6F5F1D00EA38CA /* ServingSizeCell.xib in Resources */,
				4C58A31D2D6F5F1D00EA38CA /* Inter-ExtraLight.ttf in Resources */,
				4C58A31E2D6F5F1D00EA38CA /* Inter-ExtraBold.ttf in Resources */,
				4C58A31F2D6F5F1D00EA38CA /* Inter-Medium.ttf in Resources */,
				4C58A3202D6F5F1D00EA38CA /* Colors.xcassets in Resources */,
				4C58A3212D6F5F1D00EA38CA /* Main.storyboard in Resources */,
				4C58A3222D6F5F1D00EA38CA /* LaunchScreen.storyboard in Resources */,
				4C58A3232D6F5F1D00EA38CA /* Inter-Thin.ttf in Resources */,
				4C58A3242D6F5F1D00EA38CA /* FoodListCell.xib in Resources */,
				4C58A3252D6F5F1D00EA38CA /* Inter-Light.ttf in Resources */,
				4C58A3262D6F5F1D00EA38CA /* DropDownCell.xib in Resources */,
				4C58A3272D6F5F1D00EA38CA /* FoodNutrientsCell.xib in Resources */,
				4C58A3282D6F5F1D00EA38CA /* Assets.xcassets in Resources */,
				4C58A3292D6F5F1D00EA38CA /* Inter-Regular.ttf in Resources */,
				4C58A32A2D6F5F1D00EA38CA /* Inter-Bold.ttf in Resources */,
				4C58A32B2D6F5F1D00EA38CA /* Inter-Black.ttf in Resources */,
				4C58A32C2D6F5F1D00EA38CA /* LaunchScreen.storyboard in Resources */,
				4C58A32D2D6F5F1D00EA38CA /* project.example.xcconfig in Resources */,
				4C58A32E2D6F5F1D00EA38CA /* Info.plist in Resources */,
				4C58A32F2D6F5F1D00EA38CA /* Inter-SemiBold.ttf in Resources */,
				B8C52D082CD2464D00B19F45 /* DropDownVC.xib in Resources */,
				B8C52CFB2CD2464D00B19F45 /* FoodNutrientsCell.xib in Resources */,
				B8C52D532CD2757900B19F45 /* Inter-Black.ttf in Resources */,
				B8C52CFD2CD2464D00B19F45 /* ServingSizeCell.xib in Resources */,
				B8C52D112CD2467A00B19F45 /* Main.storyboard in Resources */,
				B8C52D592CD2757900B19F45 /* Inter-Regular.ttf in Resources */,
				B8C52D552CD2757900B19F45 /* Inter-ExtraBold.ttf in Resources */,
			);
			runOnlyForDeploymentPostprocessing = 0;
		};
/* End PBXResourcesBuildPhase section */

/* Begin PBXSourcesBuildPhase section */
		B8590AE32CC6445400D49AE2 /* Sources */ = {
			isa = PBXSourcesBuildPhase;
			buildActionMask = 2147483647;
			files = (
				B8C52D0F2CD2467A00B19F45 /* ImageSelectionVC.swift in Sources */,
				B8C52D102CD2467A00B19F45 /* FoodDetailVC.swift in Sources */,
				B8C52D042CD2464D00B19F45 /* UIView+Extension.swift in Sources */,
				B8C52D192CD24CFC00B19F45 /* String+Extension.swift in Sources */,
				B8590AEB2CC6445400D49AE2 /* AppDelegate.swift in Sources */,
				B8C52CFF2CD2464D00B19F45 /* Double+Extension.swift in Sources */,
				B8590AED2CC6445400D49AE2 /* SceneDelegate.swift in Sources */,
				B8C52D002CD2464D00B19F45 /* QSImagePicker.swift in Sources */,
				B8C52CFE2CD2464D00B19F45 /* DonutChartView.swift in Sources */,
				B8C52D122CD2467A00B19F45 /* RecognizeImageVC.swift in Sources */,
				B8C52D052CD2464D00B19F45 /* DropDownCell.swift in Sources */,
				B8C52CFA2CD2464D00B19F45 /* FoodNutrientsCell.swift in Sources */,
				B8C52CFC2CD2464D00B19F45 /* ServingSizeCell.swift in Sources */,
				B8C52D072CD2464D00B19F45 /* DropDownVC.swift in Sources */,
				B843E46D2CF74EAB006AD05A /* Config.example.swift in Sources */,
				4C58A2F92D6F5F1D00EA38CA /* ServingSizeCell.swift in Sources */,
				4C58A2FA2D6F5F1D00EA38CA /* Constants.swift in Sources */,
				4C58A2FB2D6F5F1D00EA38CA /* FoodModels.swift in Sources */,
				4C58A2FC2D6F5F1D00EA38CA /* Double+Extension.swift in Sources */,
				4C58A2FD2D6F5F1D00EA38CA /* DropDownCell.swift in Sources */,
				4C58A2FE2D6F5F1D00EA38CA /* NutritionFactsRowView.swift in Sources */,
				4C58A2FF2D6F5F1D00EA38CA /* FoodNutrientsCell.swift in Sources */,
				4C58A3002D6F5F1D00EA38CA /* DonutChartView.swift in Sources */,
				4C58A3012D6F5F1D00EA38CA /* FoodDetailVC.swift in Sources */,
				4C58A3022D6F5F1D00EA38CA /* UIImageView+Extension.swift in Sources */,
				4C58A3032D6F5F1D00EA38CA /* DropDownVC.swift in Sources */,
				4C58A3042D6F5F1D00EA38CA /* AppDelegate.swift in Sources */,
				4C58A3052D6F5F1D00EA38CA /* DropdownView.swift in Sources */,
				4C58A3062D6F5F1D00EA38CA /* FoodModels.swift in Sources */,
				4C58A3072D6F5F1D00EA38CA /* ImageSelectionVC.swift in Sources */,
				4C58A3082D6F5F1D00EA38CA /* String+Extension.swift in Sources */,
				4C58A3092D6F5F1D00EA38CA /* ServingSizeView.swift in Sources */,
				4C58A30A2D6F5F1D00EA38CA /* UITableView+Extension.swift in Sources */,
				4C58A30B2D6F5F1D00EA38CA /* Config.example.swift in Sources */,
				4C58A30C2D6F5F1D00EA38CA /* ContentView.swift in Sources */,
				4C58A30D2D6F5F1D00EA38CA /* ContentView.swift in Sources */,
				4C58A30E2D6F5F1D00EA38CA /* ImageRecognitionView.swift in Sources */,
				4C58A30F2D6F5F1D00EA38CA /* UITextField+Extension.swift in Sources */,
				4C58A3102D6F5F1D00EA38CA /* RecognizeImageVC.swift in Sources */,
				4C58A3112D6F5F1D00EA38CA /* SceneDelegate.swift in Sources */,
				4C58A3122D6F5F1D00EA38CA /* FoodListCellView.swift in Sources */,
				4C58A3132D6F5F1D00EA38CA /* ImagePicker.swift in Sources */,
				4C58A3142D6F5F1D00EA38CA /* UIView+Extension.swift in Sources */,
				4C58A3152D6F5F1D00EA38CA /* FoodListCell.swift in Sources */,
				4C58A3162D6F5F1D00EA38CA /* QSImagePicker.swift in Sources */,
				4C58A3172D6F5F1D00EA38CA /* FoodScannerView.swift in Sources */,
				4C58A3182D6F5F1D00EA38CA /* FoodDetailView.swift in Sources */,
				B8C52D022CD2464D00B19F45 /* UITableView+Extension.swift in Sources */,
				B8C52D032CD2464D00B19F45 /* UITextField+Extension.swift in Sources */,
				B8C52D012CD2464D00B19F45 /* UIImageView+Extension.swift in Sources */,
				B8C52CF82CD2464D00B19F45 /* FoodListCell.swift in Sources */,
				B8C52D142CD248E100B19F45 /* Constants.swift in Sources */,
			);
			runOnlyForDeploymentPostprocessing = 0;
		};
/* End PBXSourcesBuildPhase section */

/* Begin PBXVariantGroup section */
		4C58A2F02D6F5F1D00EA38CA /* LaunchScreen.storyboard */ = {
			isa = PBXVariantGroup;
			children = (
				4C58A2EF2D6F5F1D00EA38CA /* Base */,
			);
			name = LaunchScreen.storyboard;
			sourceTree = "<group>";
		};
		B8590AF52CC6445800D49AE2 /* LaunchScreen.storyboard */ = {
			isa = PBXVariantGroup;
			children = (
				B8590AF62CC6445800D49AE2 /* Base */,
			);
			name = LaunchScreen.storyboard;
			sourceTree = "<group>";
		};
/* End PBXVariantGroup section */

/* Begin XCBuildConfiguration section */
		B8590AF92CC6445800D49AE2 /* Debug */ = {
			isa = XCBuildConfiguration;
			buildSettings = {
				ALWAYS_SEARCH_USER_PATHS = NO;
				ASSETCATALOG_COMPILER_GENERATE_SWIFT_ASSET_SYMBOL_EXTENSIONS = YES;
				CLANG_ANALYZER_NONNULL = YES;
				CLANG_ANALYZER_NUMBER_OBJECT_CONVERSION = YES_AGGRESSIVE;
				CLANG_CXX_LANGUAGE_STANDARD = "gnu++20";
				CLANG_ENABLE_MODULES = YES;
				CLANG_ENABLE_OBJC_ARC = YES;
				CLANG_ENABLE_OBJC_WEAK = YES;
				CLANG_WARN_BLOCK_CAPTURE_AUTORELEASING = YES;
				CLANG_WARN_BOOL_CONVERSION = YES;
				CLANG_WARN_COMMA = YES;
				CLANG_WARN_CONSTANT_CONVERSION = YES;
				CLANG_WARN_DEPRECATED_OBJC_IMPLEMENTATIONS = YES;
				CLANG_WARN_DIRECT_OBJC_ISA_USAGE = YES_ERROR;
				CLANG_WARN_DOCUMENTATION_COMMENTS = YES;
				CLANG_WARN_EMPTY_BODY = YES;
				CLANG_WARN_ENUM_CONVERSION = YES;
				CLANG_WARN_INFINITE_RECURSION = YES;
				CLANG_WARN_INT_CONVERSION = YES;
				CLANG_WARN_NON_LITERAL_NULL_CONVERSION = YES;
				CLANG_WARN_OBJC_IMPLICIT_RETAIN_SELF = YES;
				CLANG_WARN_OBJC_LITERAL_CONVERSION = YES;
				CLANG_WARN_OBJC_ROOT_CLASS = YES_ERROR;
				CLANG_WARN_QUOTED_INCLUDE_IN_FRAMEWORK_HEADER = YES;
				CLANG_WARN_RANGE_LOOP_ANALYSIS = YES;
				CLANG_WARN_STRICT_PROTOTYPES = YES;
				CLANG_WARN_SUSPICIOUS_MOVE = YES;
				CLANG_WARN_UNGUARDED_AVAILABILITY = YES_AGGRESSIVE;
				CLANG_WARN_UNREACHABLE_CODE = YES;
				CLANG_WARN__DUPLICATE_METHOD_MATCH = YES;
				COPY_PHASE_STRIP = NO;
				DEBUG_INFORMATION_FORMAT = dwarf;
				ENABLE_STRICT_OBJC_MSGSEND = YES;
				ENABLE_TESTABILITY = YES;
				ENABLE_USER_SCRIPT_SANDBOXING = YES;
				GCC_C_LANGUAGE_STANDARD = gnu17;
				GCC_DYNAMIC_NO_PIC = NO;
				GCC_NO_COMMON_BLOCKS = YES;
				GCC_OPTIMIZATION_LEVEL = 0;
				GCC_PREPROCESSOR_DEFINITIONS = (
					"DEBUG=1",
					"$(inherited)",
				);
				GCC_WARN_64_TO_32_BIT_CONVERSION = YES;
				GCC_WARN_ABOUT_RETURN_TYPE = YES_ERROR;
				GCC_WARN_UNDECLARED_SELECTOR = YES;
				GCC_WARN_UNINITIALIZED_AUTOS = YES_AGGRESSIVE;
				GCC_WARN_UNUSED_FUNCTION = YES;
				GCC_WARN_UNUSED_VARIABLE = YES;
				IPHONEOS_DEPLOYMENT_TARGET = 17.5;
				LOCALIZATION_PREFERS_STRING_CATALOGS = YES;
				MTL_ENABLE_DEBUG_INFO = INCLUDE_SOURCE;
				MTL_FAST_MATH = YES;
				ONLY_ACTIVE_ARCH = YES;
				SDKROOT = iphoneos;
				SWIFT_ACTIVE_COMPILATION_CONDITIONS = "DEBUG $(inherited)";
				SWIFT_OPTIMIZATION_LEVEL = "-Onone";
			};
			name = Debug;
		};
		B8590AFA2CC6445800D49AE2 /* Release */ = {
			isa = XCBuildConfiguration;
			buildSettings = {
				ALWAYS_SEARCH_USER_PATHS = NO;
				ASSETCATALOG_COMPILER_GENERATE_SWIFT_ASSET_SYMBOL_EXTENSIONS = YES;
				CLANG_ANALYZER_NONNULL = YES;
				CLANG_ANALYZER_NUMBER_OBJECT_CONVERSION = YES_AGGRESSIVE;
				CLANG_CXX_LANGUAGE_STANDARD = "gnu++20";
				CLANG_ENABLE_MODULES = YES;
				CLANG_ENABLE_OBJC_ARC = YES;
				CLANG_ENABLE_OBJC_WEAK = YES;
				CLANG_WARN_BLOCK_CAPTURE_AUTORELEASING = YES;
				CLANG_WARN_BOOL_CONVERSION = YES;
				CLANG_WARN_COMMA = YES;
				CLANG_WARN_CONSTANT_CONVERSION = YES;
				CLANG_WARN_DEPRECATED_OBJC_IMPLEMENTATIONS = YES;
				CLANG_WARN_DIRECT_OBJC_ISA_USAGE = YES_ERROR;
				CLANG_WARN_DOCUMENTATION_COMMENTS = YES;
				CLANG_WARN_EMPTY_BODY = YES;
				CLANG_WARN_ENUM_CONVERSION = YES;
				CLANG_WARN_INFINITE_RECURSION = YES;
				CLANG_WARN_INT_CONVERSION = YES;
				CLANG_WARN_NON_LITERAL_NULL_CONVERSION = YES;
				CLANG_WARN_OBJC_IMPLICIT_RETAIN_SELF = YES;
				CLANG_WARN_OBJC_LITERAL_CONVERSION = YES;
				CLANG_WARN_OBJC_ROOT_CLASS = YES_ERROR;
				CLANG_WARN_QUOTED_INCLUDE_IN_FRAMEWORK_HEADER = YES;
				CLANG_WARN_RANGE_LOOP_ANALYSIS = YES;
				CLANG_WARN_STRICT_PROTOTYPES = YES;
				CLANG_WARN_SUSPICIOUS_MOVE = YES;
				CLANG_WARN_UNGUARDED_AVAILABILITY = YES_AGGRESSIVE;
				CLANG_WARN_UNREACHABLE_CODE = YES;
				CLANG_WARN__DUPLICATE_METHOD_MATCH = YES;
				COPY_PHASE_STRIP = NO;
				DEBUG_INFORMATION_FORMAT = "dwarf-with-dsym";
				ENABLE_NS_ASSERTIONS = NO;
				ENABLE_STRICT_OBJC_MSGSEND = YES;
				ENABLE_USER_SCRIPT_SANDBOXING = YES;
				GCC_C_LANGUAGE_STANDARD = gnu17;
				GCC_NO_COMMON_BLOCKS = YES;
				GCC_WARN_64_TO_32_BIT_CONVERSION = YES;
				GCC_WARN_ABOUT_RETURN_TYPE = YES_ERROR;
				GCC_WARN_UNDECLARED_SELECTOR = YES;
				GCC_WARN_UNINITIALIZED_AUTOS = YES_AGGRESSIVE;
				GCC_WARN_UNUSED_FUNCTION = YES;
				GCC_WARN_UNUSED_VARIABLE = YES;
				IPHONEOS_DEPLOYMENT_TARGET = 17.5;
				LOCALIZATION_PREFERS_STRING_CATALOGS = YES;
				MTL_ENABLE_DEBUG_INFO = NO;
				MTL_FAST_MATH = YES;
				SDKROOT = iphoneos;
				SWIFT_COMPILATION_MODE = wholemodule;
				VALIDATE_PRODUCT = YES;
			};
			name = Release;
		};
		B8590AFC2CC6445800D49AE2 /* Debug */ = {
			isa = XCBuildConfiguration;
			buildSettings = {
				ASSETCATALOG_COMPILER_APPICON_NAME = AppIcon;
				ASSETCATALOG_COMPILER_GLOBAL_ACCENT_COLOR_NAME = AccentColor;
				CODE_SIGN_STYLE = Automatic;
				CURRENT_PROJECT_VERSION = 1;
				DEVELOPMENT_TEAM = XA255F63V4;
				GENERATE_INFOPLIST_FILE = YES;
				INFOPLIST_FILE = PassioQuickStart/Info.plist;
				INFOPLIST_KEY_NSCameraUsageDescription = "This app uses camera for real-time food recognition";
				INFOPLIST_KEY_NSPhotoLibraryUsageDescription = "This app uses gallery for real-time food recognition";
				INFOPLIST_KEY_UIApplicationSupportsIndirectInputEvents = YES;
				INFOPLIST_KEY_UILaunchStoryboardName = LaunchScreen;
				INFOPLIST_KEY_UIMainStoryboardFile = Main;
				INFOPLIST_KEY_UISupportedInterfaceOrientations_iPad = "UIInterfaceOrientationPortrait UIInterfaceOrientationPortraitUpsideDown UIInterfaceOrientationLandscapeLeft UIInterfaceOrientationLandscapeRight";
				INFOPLIST_KEY_UISupportedInterfaceOrientations_iPhone = "UIInterfaceOrientationPortrait UIInterfaceOrientationLandscapeLeft UIInterfaceOrientationLandscapeRight";
				IPHONEOS_DEPLOYMENT_TARGET = 14.0;
				LD_RUNPATH_SEARCH_PATHS = (
					"$(inherited)",
					"@executable_path/Frameworks",
				);
				MARKETING_VERSION = 1.0;
				PRODUCT_BUNDLE_IDENTIFIER = com.passio.PassioQuickStart;
				PRODUCT_NAME = "$(TARGET_NAME)";
				SWIFT_EMIT_LOC_STRINGS = YES;
				SWIFT_VERSION = 5.0;
				TARGETED_DEVICE_FAMILY = "1,2";
			};
			name = Debug;
		};
		B8590AFD2CC6445800D49AE2 /* Release */ = {
			isa = XCBuildConfiguration;
			buildSettings = {
				ASSETCATALOG_COMPILER_APPICON_NAME = AppIcon;
				ASSETCATALOG_COMPILER_GLOBAL_ACCENT_COLOR_NAME = AccentColor;
				CODE_SIGN_STYLE = Automatic;
				CURRENT_PROJECT_VERSION = 1;
				DEVELOPMENT_TEAM = XA255F63V4;
				GENERATE_INFOPLIST_FILE = YES;
				INFOPLIST_FILE = PassioQuickStart/Info.plist;
				INFOPLIST_KEY_NSCameraUsageDescription = "This app uses camera for real-time food recognition";
				INFOPLIST_KEY_NSPhotoLibraryUsageDescription = "This app uses gallery for real-time food recognition";
				INFOPLIST_KEY_UIApplicationSupportsIndirectInputEvents = YES;
				INFOPLIST_KEY_UILaunchStoryboardName = LaunchScreen;
				INFOPLIST_KEY_UIMainStoryboardFile = Main;
				INFOPLIST_KEY_UISupportedInterfaceOrientations_iPad = "UIInterfaceOrientationPortrait UIInterfaceOrientationPortraitUpsideDown UIInterfaceOrientationLandscapeLeft UIInterfaceOrientationLandscapeRight";
				INFOPLIST_KEY_UISupportedInterfaceOrientations_iPhone = "UIInterfaceOrientationPortrait UIInterfaceOrientationLandscapeLeft UIInterfaceOrientationLandscapeRight";
				IPHONEOS_DEPLOYMENT_TARGET = 14.0;
				LD_RUNPATH_SEARCH_PATHS = (
					"$(inherited)",
					"@executable_path/Frameworks",
				);
				MARKETING_VERSION = 1.0;
				PRODUCT_BUNDLE_IDENTIFIER = com.passio.PassioQuickStart;
				PRODUCT_NAME = "$(TARGET_NAME)";
				SWIFT_EMIT_LOC_STRINGS = YES;
				SWIFT_VERSION = 5.0;
				TARGETED_DEVICE_FAMILY = "1,2";
			};
			name = Release;
		};
/* End XCBuildConfiguration section */

/* Begin XCConfigurationList section */
		B8590AE22CC6445400D49AE2 /* Build configuration list for PBXProject "PassioQuickStart" */ = {
			isa = XCConfigurationList;
			buildConfigurations = (
				B8590AF92CC6445800D49AE2 /* Debug */,
				B8590AFA2CC6445800D49AE2 /* Release */,
			);
			defaultConfigurationIsVisible = 0;
			defaultConfigurationName = Release;
		};
		B8590AFB2CC6445800D49AE2 /* Build configuration list for PBXNativeTarget "PassioQuickStart" */ = {
			isa = XCConfigurationList;
			buildConfigurations = (
				B8590AFC2CC6445800D49AE2 /* Debug */,
				B8590AFD2CC6445800D49AE2 /* Release */,
			);
			defaultConfigurationIsVisible = 0;
			defaultConfigurationName = Release;
		};
/* End XCConfigurationList section */

/* Begin XCRemoteSwiftPackageReference section */
		B8A51DB52CE5E51D008B8D2B /* XCRemoteSwiftPackageReference "Passio-Nutrition-AI-iOS-SDK-Distribution" */ = {
			isa = XCRemoteSwiftPackageReference;
			repositoryURL = "https://github.com/Passiolife/Passio-Nutrition-AI-iOS-SDK-Distribution";
			requirement = {
				kind = upToNextMajorVersion;
				minimumVersion = 3.2.2;
			};
		};
/* End XCRemoteSwiftPackageReference section */

/* Begin XCSwiftPackageProductDependency section */
		B8A51DB62CE5E51D008B8D2B /* PassioNutritionAISDK */ = {
			isa = XCSwiftPackageProductDependency;
			package = B8A51DB52CE5E51D008B8D2B /* XCRemoteSwiftPackageReference "Passio-Nutrition-AI-iOS-SDK-Distribution" */;
			productName = PassioNutritionAISDK;
		};
/* End XCSwiftPackageProductDependency section */
	};
	rootObject = B8590ADF2CC6445400D49AE2 /* Project object */;
}
